
Microsoft Visual Studio Solution File, Format Version 12.00
# Visual Studio 15
VisualStudioVersion = 15.0.28307.168
MinimumVisualStudioVersion = 10.0.40219.1
Project("{8BC9CEB8-8B4A-11D0-8D11-00A0C91BC942}") = "MathLibrary", "MathLibrary\MathLibrary.vcxproj", "{FF885580-69C2-4C43-A561-A0D5880E7862}"
EndProject
Global
	GlobalSection(SolutionConfigurationPlatforms) = preSolution
		Debug|x64 = Debug|x64
		Debug|x86 = Debug|x86
		Release|x64 = Release|x64
		Release|x86 = Release|x86
	EndGlobalSection
	GlobalSection(ProjectConfigurationPlatforms) = postSolution
		{FF885580-69C2-4C43-A561-A0D5880E7862}.Debug|x64.ActiveCfg = Debug|x64
		{FF885580-69C2-4C43-A561-A0D5880E7862}.Debug|x64.Build.0 = Debug|x64
		{FF885580-69C2-4C43-A561-A0D5880E7862}.Debug|x86.ActiveCfg = Debug|Win32
		{FF885580-69C2-4C43-A561-A0D5880E7862}.Debug|x86.Build.0 = Debug|Win32
		{FF885580-69C2-4C43-A561-A0D5880E7862}.Release|x64.ActiveCfg = Release|x64
		{FF885580-69C2-4C43-A561-A0D5880E7862}.Release|x64.Build.0 = Release|x64
		{FF885580-69C2-4C43-A561-A0D5880E7862}.Release|x86.ActiveCfg = Release|Win32
		{FF885580-69C2-4C43-A561-A0D5880E7862}.Release|x86.Build.0 = Release|Win32
	EndGlobalSection
	GlobalSection(SolutionProperties) = preSolution
		HideSolutionNode = FALSE
	EndGlobalSection
	GlobalSection(ExtensibilityGlobals) = postSolution
		SolutionGuid = {F45DB5F8-2013-41F7-96EF-54B0AAFAEF00}
	EndGlobalSection
EndGlobal
